{
    "_readme": [
        "This file locks the dependencies of your project to a known state",
        "Read more about it at https://getcomposer.org/doc/01-basic-usage.md#composer-lock-the-lock-file",
        "This file is @generated automatically"
    ],
    "content-hash": "208a13e0a9b6fa9afa8232569a3aeefb",
    "packages": [
        {
            "name": "bower-asset/ev-emitter",
            "version": "v1.1.1",
            "source": {
                "type": "git",
                "url": "https://github.com/metafizzy/ev-emitter.git",
                "reference": "1baa3a03d8e07f665b0eb797661fcc2b0d2a5736"
            },
            "dist": {
                "type": "zip",
                "url": "https://api.github.com/repos/metafizzy/ev-emitter/zipball/1baa3a03d8e07f665b0eb797661fcc2b0d2a5736",
                "reference": "1baa3a03d8e07f665b0eb797661fcc2b0d2a5736",
                "shasum": ""
            },
            "type": "bower-asset-library",
            "extra": {
                "bower-asset-main": "ev-emitter.js",
                "bower-asset-ignore": [
                    "**/.*",
                    "node_modules",
                    "bower_components",
                    "test",
                    "tests",
                    "sandbox",
                    "package.json"
                ]
            },
            "license": [
                "MIT"
            ],
            "description": "lil' event emitter",
            "keywords": [
                "emitter",
                "event",
                "pubsub"
            ]
        },
        {
            "name": "bower-asset/imagesloaded",
            "version": "v4.1.3",
            "source": {
                "type": "git",
                "url": "https://github.com/desandro/imagesloaded.git",
                "reference": "a8e0dd3a463903014bf8071efece15dcd570b1b9"
            },
            "dist": {
                "type": "zip",
                "url": "https://api.github.com/repos/desandro/imagesloaded/zipball/a8e0dd3a463903014bf8071efece15dcd570b1b9",
                "reference": "a8e0dd3a463903014bf8071efece15dcd570b1b9",
                "shasum": ""
            },
            "require": {
                "bower-asset/ev-emitter": ">=1.0.0,<2.0.0"
            },
            "require-dev": {
                "bower-asset/jquery": ">=1.9,<4.0",
                "bower-asset/qunit": "~1.20.0"
            },
            "type": "bower-asset-library",
            "extra": {
                "bower-asset-main": "imagesloaded.js",
                "bower-asset-ignore": [
                    "**/.*",
                    "test",
                    "package.json",
                    "composer.json",
                    "node_modules",
                    "bower_components",
                    "tests",
                    "sandbox/",
                    "contributing.md"
                ]
            },
            "license": [
                "MIT"
            ],
            "description": "JavaScript is all like _You images done yet or what?_",
            "keywords": [
                "images"
            ]
        },
        {
            "name": "bower-asset/jquery",
            "version": "3.2.1",
            "source": {
                "type": "git",
                "url": "https://github.com/jquery/jquery-dist.git",
                "reference": "77d2a51d0520d2ee44173afdf4e40a9201f5964e"
            },
            "dist": {
                "type": "zip",
                "url": "https://api.github.com/repos/jquery/jquery-dist/zipball/77d2a51d0520d2ee44173afdf4e40a9201f5964e",
                "reference": "77d2a51d0520d2ee44173afdf4e40a9201f5964e",
                "shasum": ""
            },
            "type": "bower-asset-library",
            "extra": {
                "bower-asset-main": "dist/jquery.js",
                "bower-asset-ignore": [
                    "package.json"
                ]
            },
            "license": [
                "MIT"
            ],
            "keywords": [
                "browser",
                "javascript",
                "jquery",
                "library"
            ]
        },
        {
            "name": "bower-asset/jquery.countdown",
            "version": "2.2.0",
            "source": {
                "type": "git",
                "url": "https://github.com/hilios/jQuery.countdown.git",
                "reference": "f4dd04b02be1e0504c03d886efe8a94de7f2da6b"
            },
            "dist": {
                "type": "zip",
                "url": "https://api.github.com/repos/hilios/jQuery.countdown/zipball/f4dd04b02be1e0504c03d886efe8a94de7f2da6b",
                "reference": "f4dd04b02be1e0504c03d886efe8a94de7f2da6b",
                "shasum": ""
            },
            "require": {
                "bower-asset/jquery": ">=1.7"
            },
            "require-dev": {
                "bower-asset/bootstrap": "~3",
                "bower-asset/jquery": "~1.11"
            },
            "type": "bower-asset-library",
            "extra": {
                "bower-asset-main": [
                    "dist/jquery.countdown.js"
                ],
                "bower-asset-ignore": [
                    "**/.*",
                    "src",
                    "test",
                    "package.json",
                    "Gruntfile.js",
                    "node_modules",
                    "bower_components"
                ]
            },
            "license": [
                {
                    "type": "MIT",
                    "url": "https://github.com/hilios/jQuery.countdown/blob/2.0.4/LICENSE.md"
                }
            ],
            "description": "jQuery plugin to display a countdown clock on your page",
            "keywords": [
                "auction",
                "clock",
                "countdown",
                "coupons",
                "date",
                "datetime"
            ]
        },
        {
            "name": "bower-asset/jspdf",
            "version": "v1.3.5",
            "source": {
                "type": "git",
                "url": "https://github.com/MrRio/jsPDF.git",
                "reference": "626d79aab76d85ae987f88081f7aabb7c1f2e61c"
            },
            "dist": {
                "type": "zip",
                "url": "https://api.github.com/repos/MrRio/jsPDF/zipball/626d79aab76d85ae987f88081f7aabb7c1f2e61c",
                "reference": "626d79aab76d85ae987f88081f7aabb7c1f2e61c",
                "shasum": ""
            },
            "type": "bower-asset-library",
            "extra": {
                "bower-asset-main": "dist/jspdf.debug.js",
                "bower-asset-ignore": [
                    "**/.*",
                    "libs",
                    "CNAME",
                    "jspdf.js",
                    "examples/jspdf.PLUGINTEMPLATE.js",
                    "plugins/*",
                    "todo.txt",
                    "wscript.py",
                    "build.sh",
                    "test",
                    "tools"
                ]
            },
            "license": [
                "MIT"
            ],
            "description": "PDF Document creation from JavaScript",
            "keywords": [
                "pdf"
            ]
        },
        {
            "name": "bower-asset/moment",
            "version": "2.19.2",
            "source": {
                "type": "git",
                "url": "https://github.com/moment/moment.git",
                "reference": "328d51e7235b7a2d443bfdf69c1844939c115660"
            },
            "dist": {
                "type": "zip",
                "url": "https://api.github.com/repos/moment/moment/zipball/328d51e7235b7a2d443bfdf69c1844939c115660",
                "reference": "328d51e7235b7a2d443bfdf69c1844939c115660",
                "shasum": ""
            },
            "type": "bower-asset-library",
            "extra": {
                "bower-asset-main": "moment.js",
                "bower-asset-ignore": [
                    "**/.*",
                    "benchmarks",
                    "bower_components",
                    "meteor",
                    "node_modules",
                    "scripts",
                    "tasks",
                    "test",
                    "component.json",
                    "composer.json",
                    "CONTRIBUTING.md",
                    "ender.js",
                    "Gruntfile.js",
                    "Moment.js.nuspec",
                    "package.js",
                    "package.json",
                    "ISSUE_TEMPLATE.md",
                    "typing-tests",
                    "min/tests.js"
                ]
            },
            "license": [
                "MIT"
            ]
        },
        {
            "name": "deployer/deployer",
            "version": "v6.0.3",
            "source": {
                "type": "git",
                "url": "https://github.com/deployphp/deployer.git",
                "reference": "18b279de97b89279307f1704350f2f40118ef066"
            },
            "dist": {
                "type": "zip",
                "url": "https://api.github.com/repos/deployphp/deployer/zipball/18b279de97b89279307f1704350f2f40118ef066",
                "reference": "18b279de97b89279307f1704350f2f40118ef066",
                "shasum": ""
            },
            "require": {
                "deployer/phar-update": "~2.0",
                "php": "~7.0",
                "pimple/pimple": "~3.0",
                "symfony/console": "~2.7|~3.0",
                "symfony/finder": "~2.7|~3.0",
                "symfony/process": "~2.7|~3.0",
                "symfony/yaml": "~2.7|~3.0"
            },
            "require-dev": {
                "phpunit/phpunit": "~6.0"
            },
            "bin": [
                "bin/dep"
            ],
            "type": "library",
            "autoload": {
                "psr-4": {
                    "Deployer\\": "src/"
                },
                "files": [
                    "src/Support/helpers.php",
                    "src/functions.php"
                ]
            },
            "notification-url": "https://packagist.org/downloads/",
            "license": [
                "MIT"
            ],
            "authors": [
                {
                    "name": "Anton Medvedev",
                    "email": "anton@medv.io"
                }
            ],
            "description": "Deployment Tool",
            "homepage": "https://deployer.org",
            "time": "2017-09-04T11:05:30+00:00"
        },
        {
            "name": "deployer/phar-update",
            "version": "v2.0.3",
            "source": {
                "type": "git",
                "url": "https://github.com/deployphp/phar-update.git",
                "reference": "9533a3145ae2eee879eefeb84b9bf29a12813f01"
            },
            "dist": {
                "type": "zip",
                "url": "https://api.github.com/repos/deployphp/phar-update/zipball/9533a3145ae2eee879eefeb84b9bf29a12813f01",
                "reference": "9533a3145ae2eee879eefeb84b9bf29a12813f01",
                "shasum": ""
            },
            "require": {
                "php": ">=5.3.3",
                "symfony/console": "^2.1|^3.0"
            },
            "require-dev": {
                "mikey179/vfsstream": "1.1.0",
                "phpunit/phpunit": "3.7.*",
                "symfony/process": "~2.1"
            },
            "type": "library",
            "autoload": {
                "psr-4": {
                    "Deployer\\Component\\PharUpdate\\": "src/",
                    "Deployer\\Component\\PHPUnit\\": "src/PHPUnit/",
                    "Deployer\\Component\\Version\\": "src/Version/"
                }
            },
            "notification-url": "https://packagist.org/downloads/",
            "license": [
                "MIT"
            ],
            "authors": [
                {
                    "name": "Kevin Herrera",
                    "email": "kevin@herrera.io",
                    "homepage": "http://kevin.herrera.io"
                },
                {
                    "name": "Anton Medvedev",
                    "email": "anton@medv.io",
                    "homepage": "http://medv.io"
                }
            ],
            "description": "Integrates Phar Update to Symfony Console.",
            "homepage": "https://github.com/deployphp/phar-update",
            "keywords": [
                "console",
                "phar",
                "update"
            ],
            "time": "2017-07-03T06:55:29+00:00"
        },
        {
            "name": "mashape/unirest-php",
            "version": "v3.0.4",
            "source": {
                "type": "git",
                "url": "https://github.com/Mashape/unirest-php.git",
                "reference": "842c0f242dfaaf85f16b72e217bf7f7c19ab12cb"
            },
            "dist": {
                "type": "zip",
                "url": "https://api.github.com/repos/Mashape/unirest-php/zipball/842c0f242dfaaf85f16b72e217bf7f7c19ab12cb",
                "reference": "842c0f242dfaaf85f16b72e217bf7f7c19ab12cb",
                "shasum": ""
            },
            "require": {
                "ext-curl": "*",
                "php": ">=5.4.0"
            },
            "require-dev": {
                "codeclimate/php-test-reporter": "0.1.*",
                "phpunit/phpunit": "~4.4"
            },
            "suggest": {
                "ext-json": "Allows using JSON Bodies for sending and parsing requests"
            },
            "type": "library",
            "autoload": {
                "psr-0": {
                    "Unirest\\": "src/"
                }
            },
            "notification-url": "https://packagist.org/downloads/",
            "license": [
                "MIT"
            ],
            "description": "Unirest PHP",
            "homepage": "https://github.com/Mashape/unirest-php",
            "keywords": [
                "client",
                "curl",
                "http",
                "https",
                "rest"
            ],
            "time": "2016-08-11T17:49:21+00:00"
        },
        {
            "name": "pimple/pimple",
            "version": "v3.2.2",
            "source": {
                "type": "git",
                "url": "https://github.com/silexphp/Pimple.git",
                "reference": "4d45fb62d96418396ec58ba76e6f065bca16e10a"
            },
            "dist": {
                "type": "zip",
                "url": "https://api.github.com/repos/silexphp/Pimple/zipball/4d45fb62d96418396ec58ba76e6f065bca16e10a",
                "reference": "4d45fb62d96418396ec58ba76e6f065bca16e10a",
                "shasum": ""
            },
            "require": {
                "php": ">=5.3.0",
                "psr/container": "^1.0"
            },
            "require-dev": {
                "symfony/phpunit-bridge": "^3.2"
            },
            "type": "library",
            "extra": {
                "branch-alias": {
                    "dev-master": "3.2.x-dev"
                }
            },
            "autoload": {
                "psr-0": {
                    "Pimple": "src/"
                }
            },
            "notification-url": "https://packagist.org/downloads/",
            "license": [
                "MIT"
            ],
            "authors": [
                {
                    "name": "Fabien Potencier",
                    "email": "fabien@symfony.com"
                }
            ],
            "description": "Pimple, a simple Dependency Injection Container",
            "homepage": "http://pimple.sensiolabs.org",
            "keywords": [
                "container",
                "dependency injection"
            ],
            "time": "2017-07-23T07:32:15+00:00"
        },
        {
            "name": "psr/container",
            "version": "1.0.0",
            "source": {
                "type": "git",
                "url": "https://github.com/php-fig/container.git",
                "reference": "b7ce3b176482dbbc1245ebf52b181af44c2cf55f"
            },
            "dist": {
                "type": "zip",
                "url": "https://api.github.com/repos/php-fig/container/zipball/b7ce3b176482dbbc1245ebf52b181af44c2cf55f",
                "reference": "b7ce3b176482dbbc1245ebf52b181af44c2cf55f",
                "shasum": ""
            },
            "require": {
                "php": ">=5.3.0"
            },
            "type": "library",
            "extra": {
                "branch-alias": {
                    "dev-master": "1.0.x-dev"
                }
            },
            "autoload": {
                "psr-4": {
                    "Psr\\Container\\": "src/"
                }
            },
            "notification-url": "https://packagist.org/downloads/",
            "license": [
                "MIT"
            ],
            "authors": [
                {
                    "name": "PHP-FIG",
                    "homepage": "http://www.php-fig.org/"
                }
            ],
            "description": "Common Container Interface (PHP FIG PSR-11)",
            "homepage": "https://github.com/php-fig/container",
            "keywords": [
                "PSR-11",
                "container",
                "container-interface",
                "container-interop",
                "psr"
            ],
            "time": "2017-02-14T16:28:37+00:00"
        },
        {
            "name": "psr/log",
            "version": "1.0.2",
            "source": {
                "type": "git",
                "url": "https://github.com/php-fig/log.git",
                "reference": "4ebe3a8bf773a19edfe0a84b6585ba3d401b724d"
            },
            "dist": {
                "type": "zip",
                "url": "https://api.github.com/repos/php-fig/log/zipball/4ebe3a8bf773a19edfe0a84b6585ba3d401b724d",
                "reference": "4ebe3a8bf773a19edfe0a84b6585ba3d401b724d",
                "shasum": ""
            },
            "require": {
                "php": ">=5.3.0"
            },
            "type": "library",
            "extra": {
                "branch-alias": {
                    "dev-master": "1.0.x-dev"
                }
            },
            "autoload": {
                "psr-4": {
                    "Psr\\Log\\": "Psr/Log/"
                }
            },
            "notification-url": "https://packagist.org/downloads/",
            "license": [
                "MIT"
            ],
            "authors": [
                {
                    "name": "PHP-FIG",
                    "homepage": "http://www.php-fig.org/"
                }
            ],
            "description": "Common interface for logging libraries",
            "homepage": "https://github.com/php-fig/log",
            "keywords": [
                "log",
                "psr",
                "psr-3"
            ],
            "time": "2016-10-10T12:19:37+00:00"
        },
        {
            "name": "sybio/gif-frame-extractor",
            "version": "1.0.0",
            "source": {
                "type": "git",
                "url": "https://github.com/Sybio/GifFrameExtractor.git",
                "reference": "13e9880add3ae9cca10a48a0a3897fe3d0069f71"
            },
            "dist": {
                "type": "zip",
                "url": "https://api.github.com/repos/Sybio/GifFrameExtractor/zipball/13e9880add3ae9cca10a48a0a3897fe3d0069f71",
                "reference": "13e9880add3ae9cca10a48a0a3897fe3d0069f71",
                "shasum": ""
            },
            "require": {
                "php": ">=5.3.0"
            },
            "type": "library",
            "autoload": {
                "psr-0": {
                    "GifFrameExtractor": "src"
                }
            },
            "notification-url": "https://packagist.org/downloads/",
            "license": [
                "MIT"
            ],
            "authors": [
                {
                    "name": "Clément Guillemain",
                    "homepage": "http://clementguillemain.fr",
                    "role": "Developer / Freelancer"
                }
            ],
            "description": "PHP class that separates all the frames (and their duration) of an animated GIF",
            "homepage": "https://github.com/Sybio/GifFrameExtractor",
            "keywords": [
                "animated",
                "duration",
                "frame",
                "gif",
                "php",
                "separate",
                "time"
            ],
            "time": "2012-10-13T09:06:51+00:00"
        },
        {
            "name": "symfony/console",
            "version": "v3.3.12",
            "source": {
                "type": "git",
                "url": "https://github.com/symfony/console.git",
                "reference": "099302cc53e57cbb7414fd9f3ace40e5e2767c0b"
            },
            "dist": {
                "type": "zip",
                "url": "https://api.github.com/repos/symfony/console/zipball/099302cc53e57cbb7414fd9f3ace40e5e2767c0b",
                "reference": "099302cc53e57cbb7414fd9f3ace40e5e2767c0b",
                "shasum": ""
            },
            "require": {
                "php": "^5.5.9|>=7.0.8",
                "symfony/debug": "~2.8|~3.0",
                "symfony/polyfill-mbstring": "~1.0"
            },
            "conflict": {
                "symfony/dependency-injection": "<3.3"
            },
            "require-dev": {
                "psr/log": "~1.0",
                "symfony/config": "~3.3",
                "symfony/dependency-injection": "~3.3",
                "symfony/event-dispatcher": "~2.8|~3.0",
                "symfony/filesystem": "~2.8|~3.0",
                "symfony/process": "~2.8|~3.0"
            },
            "suggest": {
                "psr/log": "For using the console logger",
                "symfony/event-dispatcher": "",
                "symfony/filesystem": "",
                "symfony/process": ""
            },
            "type": "library",
            "extra": {
                "branch-alias": {
                    "dev-master": "3.3-dev"
                }
            },
            "autoload": {
                "psr-4": {
                    "Symfony\\Component\\Console\\": ""
                },
                "exclude-from-classmap": [
                    "/Tests/"
                ]
            },
            "notification-url": "https://packagist.org/downloads/",
            "license": [
                "MIT"
            ],
            "authors": [
                {
                    "name": "Fabien Potencier",
                    "email": "fabien@symfony.com"
                },
                {
                    "name": "Symfony Community",
                    "homepage": "https://symfony.com/contributors"
                }
            ],
            "description": "Symfony Console Component",
            "homepage": "https://symfony.com",
            "time": "2017-11-12T16:53:41+00:00"
        },
        {
            "name": "symfony/debug",
            "version": "v3.3.12",
            "source": {
                "type": "git",
                "url": "https://github.com/symfony/debug.git",
                "reference": "74557880e2846b5c84029faa96b834da37e29810"
            },
            "dist": {
                "type": "zip",
                "url": "https://api.github.com/repos/symfony/debug/zipball/74557880e2846b5c84029faa96b834da37e29810",
                "reference": "74557880e2846b5c84029faa96b834da37e29810",
                "shasum": ""
            },
            "require": {
                "php": "^5.5.9|>=7.0.8",
                "psr/log": "~1.0"
            },
            "conflict": {
                "symfony/http-kernel": ">=2.3,<2.3.24|~2.4.0|>=2.5,<2.5.9|>=2.6,<2.6.2"
            },
            "require-dev": {
                "symfony/http-kernel": "~2.8|~3.0"
            },
            "type": "library",
            "extra": {
                "branch-alias": {
                    "dev-master": "3.3-dev"
                }
            },
            "autoload": {
                "psr-4": {
                    "Symfony\\Component\\Debug\\": ""
                },
                "exclude-from-classmap": [
                    "/Tests/"
                ]
            },
            "notification-url": "https://packagist.org/downloads/",
            "license": [
                "MIT"
            ],
            "authors": [
                {
                    "name": "Fabien Potencier",
                    "email": "fabien@symfony.com"
                },
                {
                    "name": "Symfony Community",
                    "homepage": "https://symfony.com/contributors"
                }
            ],
            "description": "Symfony Debug Component",
            "homepage": "https://symfony.com",
            "time": "2017-11-10T16:38:39+00:00"
        },
        {
            "name": "symfony/finder",
            "version": "v3.3.12",
            "source": {
                "type": "git",
                "url": "https://github.com/symfony/finder.git",
                "reference": "138af5ec075d4b1d1bd19de08c38a34bb2d7d880"
            },
            "dist": {
                "type": "zip",
                "url": "https://api.github.com/repos/symfony/finder/zipball/138af5ec075d4b1d1bd19de08c38a34bb2d7d880",
                "reference": "138af5ec075d4b1d1bd19de08c38a34bb2d7d880",
                "shasum": ""
            },
            "require": {
                "php": "^5.5.9|>=7.0.8"
            },
            "type": "library",
            "extra": {
                "branch-alias": {
                    "dev-master": "3.3-dev"
                }
            },
            "autoload": {
                "psr-4": {
                    "Symfony\\Component\\Finder\\": ""
                },
                "exclude-from-classmap": [
                    "/Tests/"
                ]
            },
            "notification-url": "https://packagist.org/downloads/",
            "license": [
                "MIT"
            ],
            "authors": [
                {
                    "name": "Fabien Potencier",
                    "email": "fabien@symfony.com"
                },
                {
                    "name": "Symfony Community",
                    "homepage": "https://symfony.com/contributors"
                }
            ],
            "description": "Symfony Finder Component",
            "homepage": "https://symfony.com",
            "time": "2017-11-05T15:47:03+00:00"
        },
        {
            "name": "symfony/polyfill-mbstring",
            "version": "v1.6.0",
            "source": {
                "type": "git",
                "url": "https://github.com/symfony/polyfill-mbstring.git",
                "reference": "2ec8b39c38cb16674bbf3fea2b6ce5bf117e1296"
            },
            "dist": {
                "type": "zip",
                "url": "https://api.github.com/repos/symfony/polyfill-mbstring/zipball/2ec8b39c38cb16674bbf3fea2b6ce5bf117e1296",
                "reference": "2ec8b39c38cb16674bbf3fea2b6ce5bf117e1296",
                "shasum": ""
            },
            "require": {
                "php": ">=5.3.3"
            },
            "suggest": {
                "ext-mbstring": "For best performance"
            },
            "type": "library",
            "extra": {
                "branch-alias": {
                    "dev-master": "1.6-dev"
                }
            },
            "autoload": {
                "psr-4": {
                    "Symfony\\Polyfill\\Mbstring\\": ""
                },
                "files": [
                    "bootstrap.php"
                ]
            },
            "notification-url": "https://packagist.org/downloads/",
            "license": [
                "MIT"
            ],
            "authors": [
                {
                    "name": "Nicolas Grekas",
                    "email": "p@tchwork.com"
                },
                {
                    "name": "Symfony Community",
                    "homepage": "https://symfony.com/contributors"
                }
            ],
            "description": "Symfony polyfill for the Mbstring extension",
            "homepage": "https://symfony.com",
            "keywords": [
                "compatibility",
                "mbstring",
                "polyfill",
                "portable",
                "shim"
            ],
            "time": "2017-10-11T12:05:26+00:00"
        },
        {
            "name": "symfony/process",
            "version": "v3.3.12",
            "source": {
                "type": "git",
                "url": "https://github.com/symfony/process.git",
                "reference": "a56a3989fb762d7b19a0cf8e7693ee99a6ffb78d"
            },
            "dist": {
                "type": "zip",
                "url": "https://api.github.com/repos/symfony/process/zipball/a56a3989fb762d7b19a0cf8e7693ee99a6ffb78d",
                "reference": "a56a3989fb762d7b19a0cf8e7693ee99a6ffb78d",
                "shasum": ""
            },
            "require": {
                "php": "^5.5.9|>=7.0.8"
            },
            "type": "library",
            "extra": {
                "branch-alias": {
                    "dev-master": "3.3-dev"
                }
            },
            "autoload": {
                "psr-4": {
                    "Symfony\\Component\\Process\\": ""
                },
                "exclude-from-classmap": [
                    "/Tests/"
                ]
            },
            "notification-url": "https://packagist.org/downloads/",
            "license": [
                "MIT"
            ],
            "authors": [
                {
                    "name": "Fabien Potencier",
                    "email": "fabien@symfony.com"
                },
                {
                    "name": "Symfony Community",
                    "homepage": "https://symfony.com/contributors"
                }
            ],
            "description": "Symfony Process Component",
            "homepage": "https://symfony.com",
            "time": "2017-11-13T15:31:11+00:00"
        },
        {
            "name": "symfony/yaml",
            "version": "v3.3.12",
            "source": {
                "type": "git",
                "url": "https://github.com/symfony/yaml.git",
                "reference": "0938408c4faa518d95230deabb5f595bf0de31b9"
            },
            "dist": {
                "type": "zip",
                "url": "https://api.github.com/repos/symfony/yaml/zipball/0938408c4faa518d95230deabb5f595bf0de31b9",
                "reference": "0938408c4faa518d95230deabb5f595bf0de31b9",
                "shasum": ""
            },
            "require": {
                "php": "^5.5.9|>=7.0.8"
            },
            "require-dev": {
                "symfony/console": "~2.8|~3.0"
            },
            "suggest": {
                "symfony/console": "For validating YAML files using the lint command"
            },
            "type": "library",
            "extra": {
                "branch-alias": {
                    "dev-master": "3.3-dev"
                }
            },
            "autoload": {
                "psr-4": {
                    "Symfony\\Component\\Yaml\\": ""
                },
                "exclude-from-classmap": [
                    "/Tests/"
                ]
            },
            "notification-url": "https://packagist.org/downloads/",
            "license": [
                "MIT"
            ],
            "authors": [
                {
                    "name": "Fabien Potencier",
                    "email": "fabien@symfony.com"
                },
                {
                    "name": "Symfony Community",
                    "homepage": "https://symfony.com/contributors"
                }
            ],
            "description": "Symfony Yaml Component",
            "homepage": "https://symfony.com",
            "time": "2017-11-10T18:26:04+00:00"
        }
    ],
    "packages-dev": [],
    "aliases": [],
    "minimum-stability": "stable",
    "stability-flags": [],
    "prefer-stable": false,
    "prefer-lowest": false,
    "platform": [],
    "platform-dev": []
}
