{
  "name": "debil",
  "lockfileVersion": 2,
  "requires": true,
  "packages": {
    "": {
      "dependencies": {
        "liricle": "^4.0.4",
        "qrious": "^4.0.2",
        "seedrandom": "^3.0.5"
      }
    },
    "node_modules/liricle": {
      "version": "4.0.4",
      "resolved": "https://registry.npmjs.org/liricle/-/liricle-4.0.4.tgz",
      "integrity": "sha512-E3ehwsvsouO6ab6CZ+JThuQc66pkbZDHSwgTzYofulgSngUQX2J2GVtF7lrZ8tRPQ35UqRZGI19nSZHtLQ9adA=="
    },
    "node_modules/qrious": {
      "version": "4.0.2",
      "resolved": "https://registry.npmjs.org/qrious/-/qrious-4.0.2.tgz",
      "integrity": "sha512-xWPJIrK1zu5Ypn898fBp8RHkT/9ibquV2Kv24S/JY9VYEhMBMKur1gHVsOiNUh7PHP9uCgejjpZUHUIXXKoU/g=="
    },
    "node_modules/seedrandom": {
      "version": "3.0.5",
      "resolved": "https://registry.npmjs.org/seedrandom/-/seedrandom-3.0.5.tgz",
      "integrity": "sha512-8OwmbklUNzwezjGInmZ+2clQmExQPvomqjL7LFqOYqtmuxRgQYqOD3mHaU+MvZn5FLUeVxVfQjwLZW/n/JFuqg=="
    }
  },
  "dependencies": {
    "liricle": {
      "version": "4.0.4",
      "resolved": "https://registry.npmjs.org/liricle/-/liricle-4.0.4.tgz",
      "integrity": "sha512-E3ehwsvsouO6ab6CZ+JThuQc66pkbZDHSwgTzYofulgSngUQX2J2GVtF7lrZ8tRPQ35UqRZGI19nSZHtLQ9adA=="
    },
    "qrious": {
      "version": "4.0.2",
      "resolved": "https://registry.npmjs.org/qrious/-/qrious-4.0.2.tgz",
      "integrity": "sha512-xWPJIrK1zu5Ypn898fBp8RHkT/9ibquV2Kv24S/JY9VYEhMBMKur1gHVsOiNUh7PHP9uCgejjpZUHUIXXKoU/g=="
    },
    "seedrandom": {
      "version": "3.0.5",
      "resolved": "https://registry.npmjs.org/seedrandom/-/seedrandom-3.0.5.tgz",
      "integrity": "sha512-8OwmbklUNzwezjGInmZ+2clQmExQPvomqjL7LFqOYqtmuxRgQYqOD3mHaU+MvZn5FLUeVxVfQjwLZW/n/JFuqg=="
    }
  }
}
